{
  "name": "@elselabs/react-native-snap-slider",
  "version": "2.0.1",
  "lockfileVersion": 2,
  "requires": true,
  "packages": {
    "": {
      "name": "@elselabs/react-native-snap-slider",
      "version": "2.0.1",
      "license": "MIT",
      "dependencies": {
        "@react-native-community/slider": "^4.3.2"
      }
    },
    "node_modules/@react-native-community/slider": {
      "version": "4.3.2",
      "resolved": "https://registry.npmjs.org/@react-native-community/slider/-/slider-4.3.2.tgz",
      "integrity": "sha512-pKIx+l3yFQAVMcqGsnRcJAqZbVeR69CRbW85nZHhLuR/mOT0NbKWJIAEy7MC+e84DMTw0RJnEflRQO2/j8wcxQ==",
      "dependencies": {
        "@types/react-test-renderer": "^18.0.0"
      }
    },
    "node_modules/@types/prop-types": {
      "version": "15.7.5",
      "resolved": "https://registry.npmjs.org/@types/prop-types/-/prop-types-15.7.5.tgz",
      "integrity": "sha512-JCB8C6SnDoQf0cNycqd/35A7MjcnK+ZTqE7judS6o7utxUCg6imJg3QK2qzHKszlTjcj2cn+NwMB2i96ubpj7w=="
    },
    "node_modules/@types/react": {
      "version": "18.0.24",
      "resolved": "https://registry.npmjs.org/@types/react/-/react-18.0.24.tgz",
      "integrity": "sha512-wRJWT6ouziGUy+9uX0aW4YOJxAY0bG6/AOk5AW5QSvZqI7dk6VBIbXvcVgIw/W5Jrl24f77df98GEKTJGOLx7Q==",
      "dependencies": {
        "@types/prop-types": "*",
        "@types/scheduler": "*",
        "csstype": "^3.0.2"
      }
    },
    "node_modules/@types/react-test-renderer": {
      "version": "18.0.0",
      "resolved": "https://registry.npmjs.org/@types/react-test-renderer/-/react-test-renderer-18.0.0.tgz",
      "integrity": "sha512-C7/5FBJ3g3sqUahguGi03O79b8afNeSD6T8/GU50oQrJCU0bVCCGQHaGKUbg2Ce8VQEEqTw8/HiS6lXHHdgkdQ==",
      "dependencies": {
        "@types/react": "*"
      }
    },
    "node_modules/@types/scheduler": {
      "version": "0.16.2",
      "resolved": "https://registry.npmjs.org/@types/scheduler/-/scheduler-0.16.2.tgz",
      "integrity": "sha512-hppQEBDmlwhFAXKJX2KnWLYu5yMfi91yazPb2l+lbJiwW+wdo1gNeRA+3RgNSO39WYX2euey41KEwnqesU2Jew=="
    },
    "node_modules/csstype": {
      "version": "3.1.1",
      "resolved": "https://registry.npmjs.org/csstype/-/csstype-3.1.1.tgz",
      "integrity": "sha512-DJR/VvkAvSZW9bTouZue2sSxDwdTN92uHjqeKVm+0dAqdfNykRzQ95tay8aXMBAAPpUiq4Qcug2L7neoRh2Egw=="
    }
  },
  "dependencies": {
    "@react-native-community/slider": {
      "version": "4.3.2",
      "resolved": "https://registry.npmjs.org/@react-native-community/slider/-/slider-4.3.2.tgz",
      "integrity": "sha512-pKIx+l3yFQAVMcqGsnRcJAqZbVeR69CRbW85nZHhLuR/mOT0NbKWJIAEy7MC+e84DMTw0RJnEflRQO2/j8wcxQ==",
      "requires": {
        "@types/react-test-renderer": "^18.0.0"
      }
    },
    "@types/prop-types": {
      "version": "15.7.5",
      "resolved": "https://registry.npmjs.org/@types/prop-types/-/prop-types-15.7.5.tgz",
      "integrity": "sha512-JCB8C6SnDoQf0cNycqd/35A7MjcnK+ZTqE7judS6o7utxUCg6imJg3QK2qzHKszlTjcj2cn+NwMB2i96ubpj7w=="
    },
    "@types/react": {
      "version": "18.0.24",
      "resolved": "https://registry.npmjs.org/@types/react/-/react-18.0.24.tgz",
      "integrity": "sha512-wRJWT6ouziGUy+9uX0aW4YOJxAY0bG6/AOk5AW5QSvZqI7dk6VBIbXvcVgIw/W5Jrl24f77df98GEKTJGOLx7Q==",
      "requires": {
        "@types/prop-types": "*",
        "@types/scheduler": "*",
        "csstype": "^3.0.2"
      }
    },
    "@types/react-test-renderer": {
      "version": "18.0.0",
      "resolved": "https://registry.npmjs.org/@types/react-test-renderer/-/react-test-renderer-18.0.0.tgz",
      "integrity": "sha512-C7/5FBJ3g3sqUahguGi03O79b8afNeSD6T8/GU50oQrJCU0bVCCGQHaGKUbg2Ce8VQEEqTw8/HiS6lXHHdgkdQ==",
      "requires": {
        "@types/react": "*"
      }
    },
    "@types/scheduler": {
      "version": "0.16.2",
      "resolved": "https://registry.npmjs.org/@types/scheduler/-/scheduler-0.16.2.tgz",
      "integrity": "sha512-hppQEBDmlwhFAXKJX2KnWLYu5yMfi91yazPb2l+lbJiwW+wdo1gNeRA+3RgNSO39WYX2euey41KEwnqesU2Jew=="
    },
    "csstype": {
      "version": "3.1.1",
      "resolved": "https://registry.npmjs.org/csstype/-/csstype-3.1.1.tgz",
      "integrity": "sha512-DJR/VvkAvSZW9bTouZue2sSxDwdTN92uHjqeKVm+0dAqdfNykRzQ95tay8aXMBAAPpUiq4Qcug2L7neoRh2Egw=="
    }
  }
}
